
Microsoft Visual Studio Solution File, Format Version 12.00
# Visual Studio Version 17
VisualStudioVersion = 17.8.34408.163
MinimumVisualStudioVersion = 10.0.40219.1
Project("{FAE04EC0-301F-11D3-BF4B-00C04F79EFBC}") = "BlazorBlog.Site.Domain", "BlazorBlog.Site.Domain\BlazorBlog.Site.Domain.csproj", "{D9414493-5C7C-4917-A1B6-EF5ACFC574D9}"
EndProject
Global
	GlobalSection(SolutionConfigurationPlatforms) = preSolution
		Debug|Any CPU = Debug|Any CPU
		Release|Any CPU = Release|Any CPU
	EndGlobalSection
	GlobalSection(ProjectConfigurationPlatforms) = postSolution
		{D9414493-5C7C-4917-A1B6-EF5ACFC574D9}.Debug|Any CPU.ActiveCfg = Debug|Any CPU
		{D9414493-5C7C-4917-A1B6-EF5ACFC574D9}.Debug|Any CPU.Build.0 = Debug|Any CPU
		{D9414493-5C7C-4917-A1B6-EF5ACFC574D9}.Release|Any CPU.ActiveCfg = Release|Any CPU
		{D9414493-5C7C-4917-A1B6-EF5ACFC574D9}.Release|Any CPU.Build.0 = Release|Any CPU
	EndGlobalSection
	GlobalSection(SolutionProperties) = preSolution
		HideSolutionNode = FALSE
	EndGlobalSection
	GlobalSection(ExtensibilityGlobals) = postSolution
		SolutionGuid = {039BB051-0CC6-4830-B4DA-C562E3F238E5}
	EndGlobalSection
EndGlobal
